// !$*UTF8*$!
{
	archiveVersion = 1;
	classes = {
	};
	objectVersion = 51;
	objects = {

/* Begin PBXBuildFile section */
		472747952747AD0F00F781A7 /* ArtWorkDetailsViewModel.swift in Sources */ = {isa = PBXBuildFile; fileRef = 472747942747AD0F00F781A7 /* ArtWorkDetailsViewModel.swift */; };
		4759BAFA27452F3C004B6EED /* ArtWorkResponse.swift in Sources */ = {isa = PBXBuildFile; fileRef = 4759BAF927452F3C004B6EED /* ArtWorkResponse.swift */; };
		4759BAFC274549F9004B6EED /* ArtWorkService.swift in Sources */ = {isa = PBXBuildFile; fileRef = 4759BAFB274549F9004B6EED /* ArtWorkService.swift */; };
		4759BAFE274558EB004B6EED /* NetworkClient.swift in Sources */ = {isa = PBXBuildFile; fileRef = 4759BAFD274558EB004B6EED /* NetworkClient.swift */; };
		4759BB01274579AE004B6EED /* ArtWorkListViewModel.swift in Sources */ = {isa = PBXBuildFile; fileRef = 4759BB00274579AE004B6EED /* ArtWorkListViewModel.swift */; };
		4759BB062745DDFA004B6EED /* ArtWorkItemTableViewCell.swift in Sources */ = {isa = PBXBuildFile; fileRef = 4759BB042745DDFA004B6EED /* ArtWorkItemTableViewCell.swift */; };
		4759BB072745DDFA004B6EED /* ArtWorkItemTableViewCell.xib in Resources */ = {isa = PBXBuildFile; fileRef = 4759BB052745DDFA004B6EED /* ArtWorkItemTableViewCell.xib */; };
		476F8AA6274518BA00E2DC41 /* AppDelegate.swift in Sources */ = {isa = PBXBuildFile; fileRef = 476F8AA5274518BA00E2DC41 /* AppDelegate.swift */; };
		476F8AA8274518BA00E2DC41 /* SceneDelegate.swift in Sources */ = {isa = PBXBuildFile; fileRef = 476F8AA7274518BA00E2DC41 /* SceneDelegate.swift */; };
		476F8AAA274518BA00E2DC41 /* ArtWorkListViewController.swift in Sources */ = {isa = PBXBuildFile; fileRef = 476F8AA9274518BA00E2DC41 /* ArtWorkListViewController.swift */; };
		476F8AAD274518BA00E2DC41 /* Main.storyboard in Resources */ = {isa = PBXBuildFile; fileRef = 476F8AAB274518BA00E2DC41 /* Main.storyboard */; };
		476F8AAF274518BD00E2DC41 /* Assets.xcassets in Resources */ = {isa = PBXBuildFile; fileRef = 476F8AAE274518BD00E2DC41 /* Assets.xcassets */; };
		476F8AB2274518BD00E2DC41 /* LaunchScreen.storyboard in Resources */ = {isa = PBXBuildFile; fileRef = 476F8AB0274518BD00E2DC41 /* LaunchScreen.storyboard */; };
		476F8ABF2745253E00E2DC41 /* Artist.swift in Sources */ = {isa = PBXBuildFile; fileRef = 476F8ABE2745253E00E2DC41 /* Artist.swift */; };
		47F5A17727470ABD006CF9DB /* ArtWorkDetailsViewController.swift in Sources */ = {isa = PBXBuildFile; fileRef = 47F5A17627470ABD006CF9DB /* ArtWorkDetailsViewController.swift */; };
		A3F17CD0773545C5FAB9873D /* Pods_ArtWorks.framework in Frameworks */ = {isa = PBXBuildFile; fileRef = 521A2FA6EFC7EF82117A2C60 /* Pods_ArtWorks.framework */; };
/* End PBXBuildFile section */

/* Begin PBXFileReference section */
		472747942747AD0F00F781A7 /* ArtWorkDetailsViewModel.swift */ = {isa = PBXFileReference; lastKnownFileType = sourcecode.swift; path = ArtWorkDetailsViewModel.swift; sourceTree = "<group>"; };
		4759BAF927452F3C004B6EED /* ArtWorkResponse.swift */ = {isa = PBXFileReference; lastKnownFileType = sourcecode.swift; path = ArtWorkResponse.swift; sourceTree = "<group>"; };
		4759BAFB274549F9004B6EED /* ArtWorkService.swift */ = {isa = PBXFileReference; lastKnownFileType = sourcecode.swift; path = ArtWorkService.swift; sourceTree = "<group>"; };
		4759BAFD274558EB004B6EED /* NetworkClient.swift */ = {isa = PBXFileReference; lastKnownFileType = sourcecode.swift; path = NetworkClient.swift; sourceTree = "<group>"; };
		4759BB00274579AE004B6EED /* ArtWorkListViewModel.swift */ = {isa = PBXFileReference; lastKnownFileType = sourcecode.swift; path = ArtWorkListViewModel.swift; sourceTree = "<group>"; };
		4759BB042745DDFA004B6EED /* ArtWorkItemTableViewCell.swift */ = {isa = PBXFileReference; lastKnownFileType = sourcecode.swift; path = ArtWorkItemTableViewCell.swift; sourceTree = "<group>"; };
		4759BB052745DDFA004B6EED /* ArtWorkItemTableViewCell.xib */ = {isa = PBXFileReference; lastKnownFileType = file.xib; path = ArtWorkItemTableViewCell.xib; sourceTree = "<group>"; };
		476F8AA2274518BA00E2DC41 /* ArtWorks.app */ = {isa = PBXFileReference; explicitFileType = wrapper.application; includeInIndex = 0; path = ArtWorks.app; sourceTree = BUILT_PRODUCTS_DIR; };
		476F8AA5274518BA00E2DC41 /* AppDelegate.swift */ = {isa = PBXFileReference; lastKnownFileType = sourcecode.swift; path = AppDelegate.swift; sourceTree = "<group>"; };
		476F8AA7274518BA00E2DC41 /* SceneDelegate.swift */ = {isa = PBXFileReference; lastKnownFileType = sourcecode.swift; path = SceneDelegate.swift; sourceTree = "<group>"; };
		476F8AA9274518BA00E2DC41 /* ArtWorkListViewController.swift */ = {isa = PBXFileReference; lastKnownFileType = sourcecode.swift; path = ArtWorkListViewController.swift; sourceTree = "<group>"; };
		476F8AAC274518BA00E2DC41 /* Base */ = {isa = PBXFileReference; lastKnownFileType = file.storyboard; name = Base; path = Base.lproj/Main.storyboard; sourceTree = "<group>"; };
		476F8AAE274518BD00E2DC41 /* Assets.xcassets */ = {isa = PBXFileReference; lastKnownFileType = folder.assetcatalog; path = Assets.xcassets; sourceTree = "<group>"; };
		476F8AB1274518BD00E2DC41 /* Base */ = {isa = PBXFileReference; lastKnownFileType = file.storyboard; name = Base; path = Base.lproj/LaunchScreen.storyboard; sourceTree = "<group>"; };
		476F8AB3274518BD00E2DC41 /* Info.plist */ = {isa = PBXFileReference; lastKnownFileType = text.plist.xml; path = Info.plist; sourceTree = "<group>"; };
		476F8ABE2745253E00E2DC41 /* Artist.swift */ = {isa = PBXFileReference; lastKnownFileType = sourcecode.swift; path = Artist.swift; sourceTree = "<group>"; };
		47F5A17627470ABD006CF9DB /* ArtWorkDetailsViewController.swift */ = {isa = PBXFileReference; lastKnownFileType = sourcecode.swift; path = ArtWorkDetailsViewController.swift; sourceTree = "<group>"; };
		521A2FA6EFC7EF82117A2C60 /* Pods_ArtWorks.framework */ = {isa = PBXFileReference; explicitFileType = wrapper.framework; includeInIndex = 0; path = Pods_ArtWorks.framework; sourceTree = BUILT_PRODUCTS_DIR; };
		8BE51C52D05DEAB19CD72BA1 /* Pods-ArtWorks.release.xcconfig */ = {isa = PBXFileReference; includeInIndex = 1; lastKnownFileType = text.xcconfig; name = "Pods-ArtWorks.release.xcconfig"; path = "Target Support Files/Pods-ArtWorks/Pods-ArtWorks.release.xcconfig"; sourceTree = "<group>"; };
		ABC4B7360ADE8342404588DA /* Pods-ArtWorks.debug.xcconfig */ = {isa = PBXFileReference; includeInIndex = 1; lastKnownFileType = text.xcconfig; name = "Pods-ArtWorks.debug.xcconfig"; path = "Target Support Files/Pods-ArtWorks/Pods-ArtWorks.debug.xcconfig"; sourceTree = "<group>"; };
/* End PBXFileReference section */

/* Begin PBXFrameworksBuildPhase section */
		476F8A9F274518BA00E2DC41 /* Frameworks */ = {
			isa = PBXFrameworksBuildPhase;
			buildActionMask = 2147483647;
			files = (
				A3F17CD0773545C5FAB9873D /* Pods_ArtWorks.framework in Frameworks */,
			);
			runOnlyForDeploymentPostprocessing = 0;
		};
/* End PBXFrameworksBuildPhase section */

/* Begin PBXGroup section */
		07534B2F98C9A8B81E54A239 /* Pods */ = {
			isa = PBXGroup;
			children = (
				ABC4B7360ADE8342404588DA /* Pods-ArtWorks.debug.xcconfig */,
				8BE51C52D05DEAB19CD72BA1 /* Pods-ArtWorks.release.xcconfig */,
			);
			path = Pods;
			sourceTree = "<group>";
		};
		0EF374D72A39AFC6B89E211F /* Frameworks */ = {
			isa = PBXGroup;
			children = (
				521A2FA6EFC7EF82117A2C60 /* Pods_ArtWorks.framework */,
			);
			name = Frameworks;
			sourceTree = "<group>";
		};
		4759BAFF27455BE7004B6EED /* ArtWorkList */ = {
			isa = PBXGroup;
			children = (
				4759BB032745D038004B6EED /* Cells */,
				476F8AA9274518BA00E2DC41 /* ArtWorkListViewController.swift */,
				4759BB00274579AE004B6EED /* ArtWorkListViewModel.swift */,
			);
			path = ArtWorkList;
			sourceTree = "<group>";
		};
		4759BB032745D038004B6EED /* Cells */ = {
			isa = PBXGroup;
			children = (
				4759BB042745DDFA004B6EED /* ArtWorkItemTableViewCell.swift */,
				4759BB052745DDFA004B6EED /* ArtWorkItemTableViewCell.xib */,
			);
			path = Cells;
			sourceTree = "<group>";
		};
		476F8A99274518BA00E2DC41 = {
			isa = PBXGroup;
			children = (
				476F8AA4274518BA00E2DC41 /* ArtWorks */,
				476F8AA3274518BA00E2DC41 /* Products */,
				07534B2F98C9A8B81E54A239 /* Pods */,
				0EF374D72A39AFC6B89E211F /* Frameworks */,
			);
			sourceTree = "<group>";
		};
		476F8AA3274518BA00E2DC41 /* Products */ = {
			isa = PBXGroup;
			children = (
				476F8AA2274518BA00E2DC41 /* ArtWorks.app */,
			);
			name = Products;
			sourceTree = "<group>";
		};
		476F8AA4274518BA00E2DC41 /* ArtWorks */ = {
			isa = PBXGroup;
			children = (
				476F8AB927451D1B00E2DC41 /* AppDelegate */,
				476F8ABA27451D4D00E2DC41 /* Networking */,
				476F8ABD27451D8300E2DC41 /* Scenes */,
				476F8ABC27451D6C00E2DC41 /* Views */,
				476F8ABB27451D6300E2DC41 /* Models */,
				476F8AAE274518BD00E2DC41 /* Assets.xcassets */,
				476F8AB0274518BD00E2DC41 /* LaunchScreen.storyboard */,
				476F8AB3274518BD00E2DC41 /* Info.plist */,
			);
			path = ArtWorks;
			sourceTree = "<group>";
		};
		476F8AB927451D1B00E2DC41 /* AppDelegate */ = {
			isa = PBXGroup;
			children = (
				476F8AA5274518BA00E2DC41 /* AppDelegate.swift */,
				476F8AA7274518BA00E2DC41 /* SceneDelegate.swift */,
			);
			path = AppDelegate;
			sourceTree = "<group>";
		};
		476F8ABA27451D4D00E2DC41 /* Networking */ = {
			isa = PBXGroup;
			children = (
				4759BAFB274549F9004B6EED /* ArtWorkService.swift */,
				4759BAFD274558EB004B6EED /* NetworkClient.swift */,
			);
			path = Networking;
			sourceTree = "<group>";
		};
		476F8ABB27451D6300E2DC41 /* Models */ = {
			isa = PBXGroup;
			children = (
				476F8ABE2745253E00E2DC41 /* Artist.swift */,
				4759BAF927452F3C004B6EED /* ArtWorkResponse.swift */,
			);
			path = Models;
			sourceTree = "<group>";
		};
		476F8ABC27451D6C00E2DC41 /* Views */ = {
			isa = PBXGroup;
			children = (
				476F8AAB274518BA00E2DC41 /* Main.storyboard */,
			);
			path = Views;
			sourceTree = "<group>";
		};
		476F8ABD27451D8300E2DC41 /* Scenes */ = {
			isa = PBXGroup;
			children = (
				47F5A17527470A6A006CF9DB /* ArtWorkDetails */,
				4759BAFF27455BE7004B6EED /* ArtWorkList */,
			);
			path = Scenes;
			sourceTree = "<group>";
		};
		47F5A17527470A6A006CF9DB /* ArtWorkDetails */ = {
			isa = PBXGroup;
			children = (
				47F5A17627470ABD006CF9DB /* ArtWorkDetailsViewController.swift */,
				472747942747AD0F00F781A7 /* ArtWorkDetailsViewModel.swift */,
			);
			path = ArtWorkDetails;
			sourceTree = "<group>";
		};
/* End PBXGroup section */

/* Begin PBXNativeTarget section */
		476F8AA1274518BA00E2DC41 /* ArtWorks */ = {
			isa = PBXNativeTarget;
			buildConfigurationList = 476F8AB6274518BD00E2DC41 /* Build configuration list for PBXNativeTarget "ArtWorks" */;
			buildPhases = (
				16E113E2CCBF47E337E480F7 /* [CP] Check Pods Manifest.lock */,
				476F8A9E274518BA00E2DC41 /* Sources */,
				476F8A9F274518BA00E2DC41 /* Frameworks */,
				476F8AA0274518BA00E2DC41 /* Resources */,
				C0C89744B95EB442BD34EE92 /* [CP] Embed Pods Frameworks */,
			);
			buildRules = (
			);
			dependencies = (
			);
			name = ArtWorks;
			productName = ArtWorks;
			productReference = 476F8AA2274518BA00E2DC41 /* ArtWorks.app */;
			productType = "com.apple.product-type.application";
		};
/* End PBXNativeTarget section */

/* Begin PBXProject section */
		476F8A9A274518BA00E2DC41 /* Project object */ = {
			isa = PBXProject;
			attributes = {
				LastSwiftUpdateCheck = 1250;
				LastUpgradeCheck = 1250;
				TargetAttributes = {
					476F8AA1274518BA00E2DC41 = {
						CreatedOnToolsVersion = 12.5.1;
					};
				};
			};
			buildConfigurationList = 476F8A9D274518BA00E2DC41 /* Build configuration list for PBXProject "ArtWorks" */;
			compatibilityVersion = "Xcode 9.3";
			developmentRegion = en;
			hasScannedForEncodings = 0;
			knownRegions = (
				en,
				Base,
			);
			mainGroup = 476F8A99274518BA00E2DC41;
			productRefGroup = 476F8AA3274518BA00E2DC41 /* Products */;
			projectDirPath = "";
			projectRoot = "";
			targets = (
				476F8AA1274518BA00E2DC41 /* ArtWorks */,
			);
		};
/* End PBXProject section */

/* Begin PBXResourcesBuildPhase section */
		476F8AA0274518BA00E2DC41 /* Resources */ = {
			isa = PBXResourcesBuildPhase;
			buildActionMask = 2147483647;
			files = (
				476F8AB2274518BD00E2DC41 /* LaunchScreen.storyboard in Resources */,
				4759BB072745DDFA004B6EED /* ArtWorkItemTableViewCell.xib in Resources */,
				476F8AAF274518BD00E2DC41 /* Assets.xcassets in Resources */,
				476F8AAD274518BA00E2DC41 /* Main.storyboard in Resources */,
			);
			runOnlyForDeploymentPostprocessing = 0;
		};
/* End PBXResourcesBuildPhase section */

/* Begin PBXShellScriptBuildPhase section */
		16E113E2CCBF47E337E480F7 /* [CP] Check Pods Manifest.lock */ = {
			isa = PBXShellScriptBuildPhase;
			buildActionMask = 2147483647;
			files = (
			);
			inputFileListPaths = (
			);
			inputPaths = (
				"${PODS_PODFILE_DIR_PATH}/Podfile.lock",
				"${PODS_ROOT}/Manifest.lock",
			);
			name = "[CP] Check Pods Manifest.lock";
			outputFileListPaths = (
			);
			outputPaths = (
				"$(DERIVED_FILE_DIR)/Pods-ArtWorks-checkManifestLockResult.txt",
			);
			runOnlyForDeploymentPostprocessing = 0;
			shellPath = /bin/sh;
			shellScript = "diff \"${PODS_PODFILE_DIR_PATH}/Podfile.lock\" \"${PODS_ROOT}/Manifest.lock\" > /dev/null\nif [ $? != 0 ] ; then\n    # print error to STDERR\n    echo \"error: The sandbox is not in sync with the Podfile.lock. Run 'pod install' or update your CocoaPods installation.\" >&2\n    exit 1\nfi\n# This output is used by Xcode 'outputs' to avoid re-running this script phase.\necho \"SUCCESS\" > \"${SCRIPT_OUTPUT_FILE_0}\"\n";
			showEnvVarsInLog = 0;
		};
		C0C89744B95EB442BD34EE92 /* [CP] Embed Pods Frameworks */ = {
			isa = PBXShellScriptBuildPhase;
			buildActionMask = 2147483647;
			files = (
			);
			inputFileListPaths = (
				"${PODS_ROOT}/Target Support Files/Pods-ArtWorks/Pods-ArtWorks-frameworks-${CONFIGURATION}-input-files.xcfilelist",
			);
			name = "[CP] Embed Pods Frameworks";
			outputFileListPaths = (
				"${PODS_ROOT}/Target Support Files/Pods-ArtWorks/Pods-ArtWorks-frameworks-${CONFIGURATION}-output-files.xcfilelist",
			);
			runOnlyForDeploymentPostprocessing = 0;
			shellPath = /bin/sh;
			shellScript = "\"${PODS_ROOT}/Target Support Files/Pods-ArtWorks/Pods-ArtWorks-frameworks.sh\"\n";
			showEnvVarsInLog = 0;
		};
/* End PBXShellScriptBuildPhase section */

/* Begin PBXSourcesBuildPhase section */
		476F8A9E274518BA00E2DC41 /* Sources */ = {
			isa = PBXSourcesBuildPhase;
			buildActionMask = 2147483647;
			files = (
				476F8AAA274518BA00E2DC41 /* ArtWorkListViewController.swift in Sources */,
				476F8AA6274518BA00E2DC41 /* AppDelegate.swift in Sources */,
				4759BAFA27452F3C004B6EED /* ArtWorkResponse.swift in Sources */,
				476F8ABF2745253E00E2DC41 /* Artist.swift in Sources */,
				4759BAFE274558EB004B6EED /* NetworkClient.swift in Sources */,
				472747952747AD0F00F781A7 /* ArtWorkDetailsViewModel.swift in Sources */,
				4759BAFC274549F9004B6EED /* ArtWorkService.swift in Sources */,
				4759BB062745DDFA004B6EED /* ArtWorkItemTableViewCell.swift in Sources */,
				476F8AA8274518BA00E2DC41 /* SceneDelegate.swift in Sources */,
				47F5A17727470ABD006CF9DB /* ArtWorkDetailsViewController.swift in Sources */,
				4759BB01274579AE004B6EED /* ArtWorkListViewModel.swift in Sources */,
			);
			runOnlyForDeploymentPostprocessing = 0;
		};
/* End PBXSourcesBuildPhase section */

/* Begin PBXVariantGroup section */
		476F8AAB274518BA00E2DC41 /* Main.storyboard */ = {
			isa = PBXVariantGroup;
			children = (
				476F8AAC274518BA00E2DC41 /* Base */,
			);
			name = Main.storyboard;
			sourceTree = "<group>";
		};
		476F8AB0274518BD00E2DC41 /* LaunchScreen.storyboard */ = {
			isa = PBXVariantGroup;
			children = (
				476F8AB1274518BD00E2DC41 /* Base */,
			);
			name = LaunchScreen.storyboard;
			sourceTree = "<group>";
		};
/* End PBXVariantGroup section */

/* Begin XCBuildConfiguration section */
		476F8AB4274518BD00E2DC41 /* Debug */ = {
			isa = XCBuildConfiguration;
			buildSettings = {
				ALWAYS_SEARCH_USER_PATHS = NO;
				CLANG_ANALYZER_NONNULL = YES;
				CLANG_ANALYZER_NUMBER_OBJECT_CONVERSION = YES_AGGRESSIVE;
				CLANG_CXX_LANGUAGE_STANDARD = "gnu++14";
				CLANG_CXX_LIBRARY = "libc++";
				CLANG_ENABLE_MODULES = YES;
				CLANG_ENABLE_OBJC_ARC = YES;
				CLANG_ENABLE_OBJC_WEAK = YES;
				CLANG_WARN_BLOCK_CAPTURE_AUTORELEASING = YES;
				CLANG_WARN_BOOL_CONVERSION = YES;
				CLANG_WARN_COMMA = YES;
				CLANG_WARN_CONSTANT_CONVERSION = YES;
				CLANG_WARN_DEPRECATED_OBJC_IMPLEMENTATIONS = YES;
				CLANG_WARN_DIRECT_OBJC_ISA_USAGE = YES_ERROR;
				CLANG_WARN_DOCUMENTATION_COMMENTS = YES;
				CLANG_WARN_EMPTY_BODY = YES;
				CLANG_WARN_ENUM_CONVERSION = YES;
				CLANG_WARN_INFINITE_RECURSION = YES;
				CLANG_WARN_INT_CONVERSION = YES;
				CLANG_WARN_NON_LITERAL_NULL_CONVERSION = YES;
				CLANG_WARN_OBJC_IMPLICIT_RETAIN_SELF = YES;
				CLANG_WARN_OBJC_LITERAL_CONVERSION = YES;
				CLANG_WARN_OBJC_ROOT_CLASS = YES_ERROR;
				CLANG_WARN_QUOTED_INCLUDE_IN_FRAMEWORK_HEADER = YES;
				CLANG_WARN_RANGE_LOOP_ANALYSIS = YES;
				CLANG_WARN_STRICT_PROTOTYPES = YES;
				CLANG_WARN_SUSPICIOUS_MOVE = YES;
				CLANG_WARN_UNGUARDED_AVAILABILITY = YES_AGGRESSIVE;
				CLANG_WARN_UNREACHABLE_CODE = YES;
				CLANG_WARN__DUPLICATE_METHOD_MATCH = YES;
				COPY_PHASE_STRIP = NO;
				DEBUG_INFORMATION_FORMAT = dwarf;
				ENABLE_STRICT_OBJC_MSGSEND = YES;
				ENABLE_TESTABILITY = YES;
				GCC_C_LANGUAGE_STANDARD = gnu11;
				GCC_DYNAMIC_NO_PIC = NO;
				GCC_NO_COMMON_BLOCKS = YES;
				GCC_OPTIMIZATION_LEVEL = 0;
				GCC_PREPROCESSOR_DEFINITIONS = (
					"DEBUG=1",
					"$(inherited)",
				);
				GCC_WARN_64_TO_32_BIT_CONVERSION = YES;
				GCC_WARN_ABOUT_RETURN_TYPE = YES_ERROR;
				GCC_WARN_UNDECLARED_SELECTOR = YES;
				GCC_WARN_UNINITIALIZED_AUTOS = YES_AGGRESSIVE;
				GCC_WARN_UNUSED_FUNCTION = YES;
				GCC_WARN_UNUSED_VARIABLE = YES;
				IPHONEOS_DEPLOYMENT_TARGET = 14.5;
				MTL_ENABLE_DEBUG_INFO = INCLUDE_SOURCE;
				MTL_FAST_MATH = YES;
				ONLY_ACTIVE_ARCH = YES;
				SDKROOT = iphoneos;
				SWIFT_ACTIVE_COMPILATION_CONDITIONS = DEBUG;
				SWIFT_OPTIMIZATION_LEVEL = "-Onone";
			};
			name = Debug;
		};
		476F8AB5274518BD00E2DC41 /* Release */ = {
			isa = XCBuildConfiguration;
			buildSettings = {
				ALWAYS_SEARCH_USER_PATHS = NO;
				CLANG_ANALYZER_NONNULL = YES;
				CLANG_ANALYZER_NUMBER_OBJECT_CONVERSION = YES_AGGRESSIVE;
				CLANG_CXX_LANGUAGE_STANDARD = "gnu++14";
				CLANG_CXX_LIBRARY = "libc++";
				CLANG_ENABLE_MODULES = YES;
				CLANG_ENABLE_OBJC_ARC = YES;
				CLANG_ENABLE_OBJC_WEAK = YES;
				CLANG_WARN_BLOCK_CAPTURE_AUTORELEASING = YES;
				CLANG_WARN_BOOL_CONVERSION = YES;
				CLANG_WARN_COMMA = YES;
				CLANG_WARN_CONSTANT_CONVERSION = YES;
				CLANG_WARN_DEPRECATED_OBJC_IMPLEMENTATIONS = YES;
				CLANG_WARN_DIRECT_OBJC_ISA_USAGE = YES_ERROR;
				CLANG_WARN_DOCUMENTATION_COMMENTS = YES;
				CLANG_WARN_EMPTY_BODY = YES;
				CLANG_WARN_ENUM_CONVERSION = YES;
				CLANG_WARN_INFINITE_RECURSION = YES;
				CLANG_WARN_INT_CONVERSION = YES;
				CLANG_WARN_NON_LITERAL_NULL_CONVERSION = YES;
				CLANG_WARN_OBJC_IMPLICIT_RETAIN_SELF = YES;
				CLANG_WARN_OBJC_LITERAL_CONVERSION = YES;
				CLANG_WARN_OBJC_ROOT_CLASS = YES_ERROR;
				CLANG_WARN_QUOTED_INCLUDE_IN_FRAMEWORK_HEADER = YES;
				CLANG_WARN_RANGE_LOOP_ANALYSIS = YES;
				CLANG_WARN_STRICT_PROTOTYPES = YES;
				CLANG_WARN_SUSPICIOUS_MOVE = YES;
				CLANG_WARN_UNGUARDED_AVAILABILITY = YES_AGGRESSIVE;
				CLANG_WARN_UNREACHABLE_CODE = YES;
				CLANG_WARN__DUPLICATE_METHOD_MATCH = YES;
				COPY_PHASE_STRIP = NO;
				DEBUG_INFORMATION_FORMAT = "dwarf-with-dsym";
				ENABLE_NS_ASSERTIONS = NO;
				ENABLE_STRICT_OBJC_MSGSEND = YES;
				GCC_C_LANGUAGE_STANDARD = gnu11;
				GCC_NO_COMMON_BLOCKS = YES;
				GCC_WARN_64_TO_32_BIT_CONVERSION = YES;
				GCC_WARN_ABOUT_RETURN_TYPE = YES_ERROR;
				GCC_WARN_UNDECLARED_SELECTOR = YES;
				GCC_WARN_UNINITIALIZED_AUTOS = YES_AGGRESSIVE;
				GCC_WARN_UNUSED_FUNCTION = YES;
				GCC_WARN_UNUSED_VARIABLE = YES;
				IPHONEOS_DEPLOYMENT_TARGET = 14.5;
				MTL_ENABLE_DEBUG_INFO = NO;
				MTL_FAST_MATH = YES;
				SDKROOT = iphoneos;
				SWIFT_COMPILATION_MODE = wholemodule;
				SWIFT_OPTIMIZATION_LEVEL = "-O";
				VALIDATE_PRODUCT = YES;
			};
			name = Release;
		};
		476F8AB7274518BD00E2DC41 /* Debug */ = {
			isa = XCBuildConfiguration;
			baseConfigurationReference = ABC4B7360ADE8342404588DA /* Pods-ArtWorks.debug.xcconfig */;
			buildSettings = {
				ASSETCATALOG_COMPILER_APPICON_NAME = AppIcon;
				ASSETCATALOG_COMPILER_GLOBAL_ACCENT_COLOR_NAME = AccentColor;
				CODE_SIGN_STYLE = Automatic;
				DEVELOPMENT_TEAM = 7KZJ9WZKUD;
				INFOPLIST_FILE = ArtWorks/Info.plist;
				LD_RUNPATH_SEARCH_PATHS = (
					"$(inherited)",
					"@executable_path/Frameworks",
				);
				PRODUCT_BUNDLE_IDENTIFIER = zzz.ArtWorks;
				PRODUCT_NAME = "$(TARGET_NAME)";
				SWIFT_VERSION = 5.0;
				TARGETED_DEVICE_FAMILY = "1,2";
			};
			name = Debug;
		};
		476F8AB8274518BD00E2DC41 /* Release */ = {
			isa = XCBuildConfiguration;
			baseConfigurationReference = 8BE51C52D05DEAB19CD72BA1 /* Pods-ArtWorks.release.xcconfig */;
			buildSettings = {
				ASSETCATALOG_COMPILER_APPICON_NAME = AppIcon;
				ASSETCATALOG_COMPILER_GLOBAL_ACCENT_COLOR_NAME = AccentColor;
				CODE_SIGN_STYLE = Automatic;
				DEVELOPMENT_TEAM = 7KZJ9WZKUD;
				INFOPLIST_FILE = ArtWorks/Info.plist;
				LD_RUNPATH_SEARCH_PATHS = (
					"$(inherited)",
					"@executable_path/Frameworks",
				);
				PRODUCT_BUNDLE_IDENTIFIER = zzz.ArtWorks;
				PRODUCT_NAME = "$(TARGET_NAME)";
				SWIFT_VERSION = 5.0;
				TARGETED_DEVICE_FAMILY = "1,2";
			};
			name = Release;
		};
/* End XCBuildConfiguration section */

/* Begin XCConfigurationList section */
		476F8A9D274518BA00E2DC41 /* Build configuration list for PBXProject "ArtWorks" */ = {
			isa = XCConfigurationList;
			buildConfigurations = (
				476F8AB4274518BD00E2DC41 /* Debug */,
				476F8AB5274518BD00E2DC41 /* Release */,
			);
			defaultConfigurationIsVisible = 0;
			defaultConfigurationName = Release;
		};
		476F8AB6274518BD00E2DC41 /* Build configuration list for PBXNativeTarget "ArtWorks" */ = {
			isa = XCConfigurationList;
			buildConfigurations = (
				476F8AB7274518BD00E2DC41 /* Debug */,
				476F8AB8274518BD00E2DC41 /* Release */,
			);
			defaultConfigurationIsVisible = 0;
			defaultConfigurationName = Release;
		};
/* End XCConfigurationList section */
	};
	rootObject = 476F8A9A274518BA00E2DC41 /* Project object */;
}
